
Microsoft Visual Studio Solution File, Format Version 12.00
# Visual Studio Version 17
VisualStudioVersion = 17.7.34024.191
MinimumVisualStudioVersion = 10.0.40219.1
Project("{8BC9CEB8-8B4A-11D0-8D11-00A0C91BC942}") = "First", "First\First.vcxproj", "{FD2D259D-CB56-4A3A-99A6-63F12DB6A2B8}"
EndProject
Project("{2150E333-8FDC-42A3-9474-1A3956D46DE8}") = "01 Podstawy", "01 Podstawy", "{B7151F79-4046-4272-9153-4F7BB93DD286}"
EndProject
Project("{2150E333-8FDC-42A3-9474-1A3956D46DE8}") = "02 InstrukcjeDecyzyjne", "02 InstrukcjeDecyzyjne", "{21CB9777-C55C-4ECD-9509-5014127CFBF5}"
EndProject
Project("{8BC9CEB8-8B4A-11D0-8D11-00A0C91BC942}") = "InstructionIfConsoleApplication", "InstructionConsoleApplication\InstructionConsoleApplication.vcxproj", "{D10176C6-0318-42F8-B930-F8272048F376}"
EndProject
Project("{2150E333-8FDC-42A3-9474-1A3956D46DE8}") = "03 Petle", "03 Petle", "{C71B99B1-4C68-4979-BB42-76F0ECE7F545}"
EndProject
Project("{8BC9CEB8-8B4A-11D0-8D11-00A0C91BC942}") = "PetleConsoleApplication", "Petle\Petle.vcxproj", "{73351998-EDFF-459C-BAA4-621FB85BA21C}"
EndProject
Project("{2150E333-8FDC-42A3-9474-1A3956D46DE8}") = "04 kolekcje", "04 kolekcje", "{F5B4D726-C413-4AFC-BF58-9A7CB1D971AD}"
EndProject
Project("{8BC9CEB8-8B4A-11D0-8D11-00A0C91BC942}") = "StringConsoleApplication", "StringConsoleApplication\StringConsoleApplication.vcxproj", "{CFA6D210-7E20-4ED8-8DDA-C2DD57EF3CBD}"
EndProject
Global
	GlobalSection(SolutionConfigurationPlatforms) = preSolution
		Debug|x64 = Debug|x64
		Debug|x86 = Debug|x86
		Release|x64 = Release|x64
		Release|x86 = Release|x86
	EndGlobalSection
	GlobalSection(ProjectConfigurationPlatforms) = postSolution
		{FD2D259D-CB56-4A3A-99A6-63F12DB6A2B8}.Debug|x64.ActiveCfg = Debug|x64
		{FD2D259D-CB56-4A3A-99A6-63F12DB6A2B8}.Debug|x64.Build.0 = Debug|x64
		{FD2D259D-CB56-4A3A-99A6-63F12DB6A2B8}.Debug|x86.ActiveCfg = Debug|Win32
		{FD2D259D-CB56-4A3A-99A6-63F12DB6A2B8}.Debug|x86.Build.0 = Debug|Win32
		{FD2D259D-CB56-4A3A-99A6-63F12DB6A2B8}.Release|x64.ActiveCfg = Release|x64
		{FD2D259D-CB56-4A3A-99A6-63F12DB6A2B8}.Release|x64.Build.0 = Release|x64
		{FD2D259D-CB56-4A3A-99A6-63F12DB6A2B8}.Release|x86.ActiveCfg = Release|Win32
		{FD2D259D-CB56-4A3A-99A6-63F12DB6A2B8}.Release|x86.Build.0 = Release|Win32
		{D10176C6-0318-42F8-B930-F8272048F376}.Debug|x64.ActiveCfg = Debug|x64
		{D10176C6-0318-42F8-B930-F8272048F376}.Debug|x64.Build.0 = Debug|x64
		{D10176C6-0318-42F8-B930-F8272048F376}.Debug|x86.ActiveCfg = Debug|Win32
		{D10176C6-0318-42F8-B930-F8272048F376}.Debug|x86.Build.0 = Debug|Win32
		{D10176C6-0318-42F8-B930-F8272048F376}.Release|x64.ActiveCfg = Release|x64
		{D10176C6-0318-42F8-B930-F8272048F376}.Release|x64.Build.0 = Release|x64
		{D10176C6-0318-42F8-B930-F8272048F376}.Release|x86.ActiveCfg = Release|Win32
		{D10176C6-0318-42F8-B930-F8272048F376}.Release|x86.Build.0 = Release|Win32
		{73351998-EDFF-459C-BAA4-621FB85BA21C}.Debug|x64.ActiveCfg = Debug|x64
		{73351998-EDFF-459C-BAA4-621FB85BA21C}.Debug|x64.Build.0 = Debug|x64
		{73351998-EDFF-459C-BAA4-621FB85BA21C}.Debug|x86.ActiveCfg = Debug|Win32
		{73351998-EDFF-459C-BAA4-621FB85BA21C}.Debug|x86.Build.0 = Debug|Win32
		{73351998-EDFF-459C-BAA4-621FB85BA21C}.Release|x64.ActiveCfg = Release|x64
		{73351998-EDFF-459C-BAA4-621FB85BA21C}.Release|x64.Build.0 = Release|x64
		{73351998-EDFF-459C-BAA4-621FB85BA21C}.Release|x86.ActiveCfg = Release|Win32
		{73351998-EDFF-459C-BAA4-621FB85BA21C}.Release|x86.Build.0 = Release|Win32
		{CFA6D210-7E20-4ED8-8DDA-C2DD57EF3CBD}.Debug|x64.ActiveCfg = Debug|x64
		{CFA6D210-7E20-4ED8-8DDA-C2DD57EF3CBD}.Debug|x64.Build.0 = Debug|x64
		{CFA6D210-7E20-4ED8-8DDA-C2DD57EF3CBD}.Debug|x86.ActiveCfg = Debug|Win32
		{CFA6D210-7E20-4ED8-8DDA-C2DD57EF3CBD}.Debug|x86.Build.0 = Debug|Win32
		{CFA6D210-7E20-4ED8-8DDA-C2DD57EF3CBD}.Release|x64.ActiveCfg = Release|x64
		{CFA6D210-7E20-4ED8-8DDA-C2DD57EF3CBD}.Release|x64.Build.0 = Release|x64
		{CFA6D210-7E20-4ED8-8DDA-C2DD57EF3CBD}.Release|x86.ActiveCfg = Release|Win32
		{CFA6D210-7E20-4ED8-8DDA-C2DD57EF3CBD}.Release|x86.Build.0 = Release|Win32
	EndGlobalSection
	GlobalSection(SolutionProperties) = preSolution
		HideSolutionNode = FALSE
	EndGlobalSection
	GlobalSection(NestedProjects) = preSolution
		{FD2D259D-CB56-4A3A-99A6-63F12DB6A2B8} = {B7151F79-4046-4272-9153-4F7BB93DD286}
		{D10176C6-0318-42F8-B930-F8272048F376} = {21CB9777-C55C-4ECD-9509-5014127CFBF5}
		{73351998-EDFF-459C-BAA4-621FB85BA21C} = {C71B99B1-4C68-4979-BB42-76F0ECE7F545}
		{CFA6D210-7E20-4ED8-8DDA-C2DD57EF3CBD} = {F5B4D726-C413-4AFC-BF58-9A7CB1D971AD}
	EndGlobalSection
	GlobalSection(ExtensibilityGlobals) = postSolution
		SolutionGuid = {5762CCE9-3EE3-4EAB-AB1B-E02E01D4E169}
	EndGlobalSection
EndGlobal
